
Microsoft Visual Studio Solution File, Format Version 12.00
# Visual Studio 2012
Project("{F184B08F-C81C-45F6-A57F-5ABD9991F28F}") = "WindowsApplication21", "WindowsApplication21\WindowsApplication21.vbproj", "{10BC9C2F-E435-4840-BCCD-C5DFE1F0B32E}"
EndProject
Global
	GlobalSection(SolutionConfigurationPlatforms) = preSolution
		Debug|Any CPU = Debug|Any CPU
		Release|Any CPU = Release|Any CPU
	EndGlobalSection
	GlobalSection(ProjectConfigurationPlatforms) = postSolution
		{10BC9C2F-E435-4840-BCCD-C5DFE1F0B32E}.Debug|Any CPU.ActiveCfg = Debug|Any CPU
		{10BC9C2F-E435-4840-BCCD-C5DFE1F0B32E}.Debug|Any CPU.Build.0 = Debug|Any CPU
		{10BC9C2F-E435-4840-BCCD-C5DFE1F0B32E}.Release|Any CPU.ActiveCfg = Release|Any CPU
		{10BC9C2F-E435-4840-BCCD-C5DFE1F0B32E}.Release|Any CPU.Build.0 = Release|Any CPU
	EndGlobalSection
	GlobalSection(SolutionProperties) = preSolution
		HideSolutionNode = FALSE
	EndGlobalSection
EndGlobal
